
Microsoft Visual Studio Solution File, Format Version 12.00
# Visual Studio Version 16
VisualStudioVersion = 16.0.31702.278
MinimumVisualStudioVersion = 10.0.40219.1
Project("{FAE04EC0-301F-11D3-BF4B-00C04F79EFBC}") = "BianarySearchTreeProblems", "BianarySearchTreeProblems\BianarySearchTreeProblems.csproj", "{66AD2BC2-D1E0-4037-9662-BAD7B9494B03}"
EndProject
Global
	GlobalSection(SolutionConfigurationPlatforms) = preSolution
		Debug|Any CPU = Debug|Any CPU
		Release|Any CPU = Release|Any CPU
	EndGlobalSection
	GlobalSection(ProjectConfigurationPlatforms) = postSolution
		{66AD2BC2-D1E0-4037-9662-BAD7B9494B03}.Debug|Any CPU.ActiveCfg = Debug|Any CPU
		{66AD2BC2-D1E0-4037-9662-BAD7B9494B03}.Debug|Any CPU.Build.0 = Debug|Any CPU
		{66AD2BC2-D1E0-4037-9662-BAD7B9494B03}.Release|Any CPU.ActiveCfg = Release|Any CPU
		{66AD2BC2-D1E0-4037-9662-BAD7B9494B03}.Release|Any CPU.Build.0 = Release|Any CPU
	EndGlobalSection
	GlobalSection(SolutionProperties) = preSolution
		HideSolutionNode = FALSE
	EndGlobalSection
	GlobalSection(ExtensibilityGlobals) = postSolution
		SolutionGuid = {546E6D64-999A-442C-9B05-ADD98C68BE57}
	EndGlobalSection
EndGlobal
